
Microsoft Visual Studio Solution File, Format Version 12.00
# Visual Studio 15
VisualStudioVersion = 15.0.26606.0
MinimumVisualStudioVersion = 10.0.40219.1
Project("{9A19103F-16F7-4668-BE54-9A1E7A4F7556}") = "HashTagAggregatorConsumer.Service", "HashTagAggregatorConsumer.Service\HashTagAggregatorConsumer.Service.csproj", "{CD6A5AD4-4233-4526-90B4-846389D671E5}"
EndProject
Project("{9A19103F-16F7-4668-BE54-9A1E7A4F7556}") = "HashtagAggregatorConsumer.Contracts", "HashtagAggregatorConsumer.Contracts\HashtagAggregatorConsumer.Contracts.csproj", "{5A8630B8-F7ED-45E8-9D9A-9AB0AA7E8E05}"
EndProject
Project("{9A19103F-16F7-4668-BE54-9A1E7A4F7556}") = "HashtagAggregatorConsumer.Data", "HashtagAggregatorConsumer.Data\HashtagAggregatorConsumer.Data.csproj", "{D9FB9A86-8F56-40FE-87CD-686D495F438C}"
EndProject
Global
	GlobalSection(SolutionConfigurationPlatforms) = preSolution
		Debug|Any CPU = Debug|Any CPU
		Release|Any CPU = Release|Any CPU
	EndGlobalSection
	GlobalSection(ProjectConfigurationPlatforms) = postSolution
		{CD6A5AD4-4233-4526-90B4-846389D671E5}.Debug|Any CPU.ActiveCfg = Debug|Any CPU
		{CD6A5AD4-4233-4526-90B4-846389D671E5}.Debug|Any CPU.Build.0 = Debug|Any CPU
		{CD6A5AD4-4233-4526-90B4-846389D671E5}.Release|Any CPU.ActiveCfg = Release|Any CPU
		{CD6A5AD4-4233-4526-90B4-846389D671E5}.Release|Any CPU.Build.0 = Release|Any CPU
		{5A8630B8-F7ED-45E8-9D9A-9AB0AA7E8E05}.Debug|Any CPU.ActiveCfg = Debug|Any CPU
		{5A8630B8-F7ED-45E8-9D9A-9AB0AA7E8E05}.Debug|Any CPU.Build.0 = Debug|Any CPU
		{5A8630B8-F7ED-45E8-9D9A-9AB0AA7E8E05}.Release|Any CPU.ActiveCfg = Release|Any CPU
		{5A8630B8-F7ED-45E8-9D9A-9AB0AA7E8E05}.Release|Any CPU.Build.0 = Release|Any CPU
		{D9FB9A86-8F56-40FE-87CD-686D495F438C}.Debug|Any CPU.ActiveCfg = Debug|Any CPU
		{D9FB9A86-8F56-40FE-87CD-686D495F438C}.Debug|Any CPU.Build.0 = Debug|Any CPU
		{D9FB9A86-8F56-40FE-87CD-686D495F438C}.Release|Any CPU.ActiveCfg = Release|Any CPU
		{D9FB9A86-8F56-40FE-87CD-686D495F438C}.Release|Any CPU.Build.0 = Release|Any CPU
	EndGlobalSection
	GlobalSection(SolutionProperties) = preSolution
		HideSolutionNode = FALSE
	EndGlobalSection
EndGlobal
